
Microsoft Visual Studio Solution File, Format Version 12.00
# Visual Studio Version 16
VisualStudioVersion = 16.0.33130.400
MinimumVisualStudioVersion = 10.0.40219.1
Project("{FAE04EC0-301F-11D3-BF4B-00C04F79EFBC}") = "snake ladder game", "snake ladder game\snake ladder game.csproj", "{DA4CC1A5-E7DB-416C-BBE7-F7112DB08A1C}"
EndProject
Global
	GlobalSection(SolutionConfigurationPlatforms) = preSolution
		Debug|Any CPU = Debug|Any CPU
		Release|Any CPU = Release|Any CPU
	EndGlobalSection
	GlobalSection(ProjectConfigurationPlatforms) = postSolution
		{DA4CC1A5-E7DB-416C-BBE7-F7112DB08A1C}.Debug|Any CPU.ActiveCfg = Debug|Any CPU
		{DA4CC1A5-E7DB-416C-BBE7-F7112DB08A1C}.Debug|Any CPU.Build.0 = Debug|Any CPU
		{DA4CC1A5-E7DB-416C-BBE7-F7112DB08A1C}.Release|Any CPU.ActiveCfg = Release|Any CPU
		{DA4CC1A5-E7DB-416C-BBE7-F7112DB08A1C}.Release|Any CPU.Build.0 = Release|Any CPU
	EndGlobalSection
	GlobalSection(SolutionProperties) = preSolution
		HideSolutionNode = FALSE
	EndGlobalSection
	GlobalSection(ExtensibilityGlobals) = postSolution
		SolutionGuid = {E27E142D-73A7-471F-8F68-943D1219542C}
	EndGlobalSection
EndGlobal
